// !$*UTF8*$!
{
	archiveVersion = 1;
	classes = {
	};
	objectVersion = 50;
	objects = {

/* Begin PBXBuildFile section */
		CB5B030320F5F8120035D8E3 /* AppDelegate.swift in Sources */ = {isa = PBXBuildFile; fileRef = CB5B030220F5F8120035D8E3 /* AppDelegate.swift */; };
		CB5B030520F5F8120035D8E3 /* ViewController.swift in Sources */ = {isa = PBXBuildFile; fileRef = CB5B030420F5F8120035D8E3 /* ViewController.swift */; };
		CB5B030820F5F8120035D8E3 /* Main.storyboard in Resources */ = {isa = PBXBuildFile; fileRef = CB5B030620F5F8120035D8E3 /* Main.storyboard */; };
		CB5B030A20F5F8130035D8E3 /* Assets.xcassets in Resources */ = {isa = PBXBuildFile; fileRef = CB5B030920F5F8130035D8E3 /* Assets.xcassets */; };
		CB5B030D20F5F8130035D8E3 /* LaunchScreen.storyboard in Resources */ = {isa = PBXBuildFile; fileRef = CB5B030B20F5F8130035D8E3 /* LaunchScreen.storyboard */; };
		CB5B031620F5F8BB0035D8E3 /* a.jpeg in Resources */ = {isa = PBXBuildFile; fileRef = CB5B031420F5F8BA0035D8E3 /* a.jpeg */; };
		CB5B031720F5F8BB0035D8E3 /* b.png in Resources */ = {isa = PBXBuildFile; fileRef = CB5B031520F5F8BB0035D8E3 /* b.png */; };
/* End PBXBuildFile section */

/* Begin PBXFileReference section */
		CB5B02FF20F5F8120035D8E3 /* imageViewer.app */ = {isa = PBXFileReference; explicitFileType = wrapper.application; includeInIndex = 0; path = imageViewer.app; sourceTree = BUILT_PRODUCTS_DIR; };
		CB5B030220F5F8120035D8E3 /* AppDelegate.swift */ = {isa = PBXFileReference; lastKnownFileType = sourcecode.swift; path = AppDelegate.swift; sourceTree = "<group>"; };
		CB5B030420F5F8120035D8E3 /* ViewController.swift */ = {isa = PBXFileReference; lastKnownFileType = sourcecode.swift; path = ViewController.swift; sourceTree = "<group>"; };
		CB5B030720F5F8120035D8E3 /* Base */ = {isa = PBXFileReference; lastKnownFileType = file.storyboard; name = Base; path = Base.lproj/Main.storyboard; sourceTree = "<group>"; };
		CB5B030920F5F8130035D8E3 /* Assets.xcassets */ = {isa = PBXFileReference; lastKnownFileType = folder.assetcatalog; path = Assets.xcassets; sourceTree = "<group>"; };
		CB5B030C20F5F8130035D8E3 /* Base */ = {isa = PBXFileReference; lastKnownFileType = file.storyboard; name = Base; path = Base.lproj/LaunchScreen.storyboard; sourceTree = "<group>"; };
		CB5B030E20F5F8130035D8E3 /* Info.plist */ = {isa = PBXFileReference; lastKnownFileType = text.plist.xml; path = Info.plist; sourceTree = "<group>"; };
		CB5B031420F5F8BA0035D8E3 /* a.jpeg */ = {isa = PBXFileReference; lastKnownFileType = image.jpeg; path = a.jpeg; sourceTree = "<group>"; };
		CB5B031520F5F8BB0035D8E3 /* b.png */ = {isa = PBXFileReference; lastKnownFileType = image.png; path = b.png; sourceTree = "<group>"; };
/* End PBXFileReference section */

/* Begin PBXFrameworksBuildPhase section */
		CB5B02FC20F5F8120035D8E3 /* Frameworks */ = {
			isa = PBXFrameworksBuildPhase;
			buildActionMask = 2147483647;
			files = (
			);
			runOnlyForDeploymentPostprocessing = 0;
		};
/* End PBXFrameworksBuildPhase section */

/* Begin PBXGroup section */
		CB5B02F620F5F8120035D8E3 = {
			isa = PBXGroup;
			children = (
				CB5B030120F5F8120035D8E3 /* imageViewer */,
				CB5B030020F5F8120035D8E3 /* Products */,
			);
			sourceTree = "<group>";
		};
		CB5B030020F5F8120035D8E3 /* Products */ = {
			isa = PBXGroup;
			children = (
				CB5B02FF20F5F8120035D8E3 /* imageViewer.app */,
			);
			name = Products;
			sourceTree = "<group>";
		};
		CB5B030120F5F8120035D8E3 /* imageViewer */ = {
			isa = PBXGroup;
			children = (
				CB5B031420F5F8BA0035D8E3 /* a.jpeg */,
				CB5B031520F5F8BB0035D8E3 /* b.png */,
				CB5B030220F5F8120035D8E3 /* AppDelegate.swift */,
				CB5B030420F5F8120035D8E3 /* ViewController.swift */,
				CB5B030620F5F8120035D8E3 /* Main.storyboard */,
				CB5B030920F5F8130035D8E3 /* Assets.xcassets */,
				CB5B030B20F5F8130035D8E3 /* LaunchScreen.storyboard */,
				CB5B030E20F5F8130035D8E3 /* Info.plist */,
			);
			path = imageViewer;
			sourceTree = "<group>";
		};
/* End PBXGroup section */

/* Begin PBXNativeTarget section */
		CB5B02FE20F5F8120035D8E3 /* imageViewer */ = {
			isa = PBXNativeTarget;
			buildConfigurationList = CB5B031120F5F8130035D8E3 /* Build configuration list for PBXNativeTarget "imageViewer" */;
			buildPhases = (
				CB5B02FB20F5F8120035D8E3 /* Sources */,
				CB5B02FC20F5F8120035D8E3 /* Frameworks */,
				CB5B02FD20F5F8120035D8E3 /* Resources */,
			);
			buildRules = (
			);
			dependencies = (
			);
			name = imageViewer;
			productName = imageViewer;
			productReference = CB5B02FF20F5F8120035D8E3 /* imageViewer.app */;
			productType = "com.apple.product-type.application";
		};
/* End PBXNativeTarget section */

/* Begin PBXProject section */
		CB5B02F720F5F8120035D8E3 /* Project object */ = {
			isa = PBXProject;
			attributes = {
				LastSwiftUpdateCheck = 0940;
				LastUpgradeCheck = 0940;
				ORGANIZATIONNAME = "남진우";
				TargetAttributes = {
					CB5B02FE20F5F8120035D8E3 = {
						CreatedOnToolsVersion = 9.4.1;
					};
				};
			};
			buildConfigurationList = CB5B02FA20F5F8120035D8E3 /* Build configuration list for PBXProject "imageViewer" */;
			compatibilityVersion = "Xcode 9.3";
			developmentRegion = en;
			hasScannedForEncodings = 0;
			knownRegions = (
				en,
				Base,
			);
			mainGroup = CB5B02F620F5F8120035D8E3;
			productRefGroup = CB5B030020F5F8120035D8E3 /* Products */;
			projectDirPath = "";
			projectRoot = "";
			targets = (
				CB5B02FE20F5F8120035D8E3 /* imageViewer */,
			);
		};
/* End PBXProject section */

/* Begin PBXResourcesBuildPhase section */
		CB5B02FD20F5F8120035D8E3 /* Resources */ = {
			isa = PBXResourcesBuildPhase;
			buildActionMask = 2147483647;
			files = (
				CB5B030D20F5F8130035D8E3 /* LaunchScreen.storyboard in Resources */,
				CB5B031720F5F8BB0035D8E3 /* b.png in Resources */,
				CB5B030A20F5F8130035D8E3 /* Assets.xcassets in Resources */,
				CB5B030820F5F8120035D8E3 /* Main.storyboard in Resources */,
				CB5B031620F5F8BB0035D8E3 /* a.jpeg in Resources */,
			);
			runOnlyForDeploymentPostprocessing = 0;
		};
/* End PBXResourcesBuildPhase section */

/* Begin PBXSourcesBuildPhase section */
		CB5B02FB20F5F8120035D8E3 /* Sources */ = {
			isa = PBXSourcesBuildPhase;
			buildActionMask = 2147483647;
			files = (
				CB5B030520F5F8120035D8E3 /* ViewController.swift in Sources */,
				CB5B030320F5F8120035D8E3 /* AppDelegate.swift in Sources */,
			);
			runOnlyForDeploymentPostprocessing = 0;
		};
/* End PBXSourcesBuildPhase section */

/* Begin PBXVariantGroup section */
		CB5B030620F5F8120035D8E3 /* Main.storyboard */ = {
			isa = PBXVariantGroup;
			children = (
				CB5B030720F5F8120035D8E3 /* Base */,
			);
			name = Main.storyboard;
			sourceTree = "<group>";
		};
		CB5B030B20F5F8130035D8E3 /* LaunchScreen.storyboard */ = {
			isa = PBXVariantGroup;
			children = (
				CB5B030C20F5F8130035D8E3 /* Base */,
			);
			name = LaunchScreen.storyboard;
			sourceTree = "<group>";
		};
/* End PBXVariantGroup section */

/* Begin XCBuildConfiguration section */
		CB5B030F20F5F8130035D8E3 /* Debug */ = {
			isa = XCBuildConfiguration;
			buildSettings = {
				ALWAYS_SEARCH_USER_PATHS = NO;
				CLANG_ANALYZER_NONNULL = YES;
				CLANG_ANALYZER_NUMBER_OBJECT_CONVERSION = YES_AGGRESSIVE;
				CLANG_CXX_LANGUAGE_STANDARD = "gnu++14";
				CLANG_CXX_LIBRARY = "libc++";
				CLANG_ENABLE_MODULES = YES;
				CLANG_ENABLE_OBJC_ARC = YES;
				CLANG_ENABLE_OBJC_WEAK = YES;
				CLANG_WARN_BLOCK_CAPTURE_AUTORELEASING = YES;
				CLANG_WARN_BOOL_CONVERSION = YES;
				CLANG_WARN_COMMA = YES;
				CLANG_WARN_CONSTANT_CONVERSION = YES;
				CLANG_WARN_DEPRECATED_OBJC_IMPLEMENTATIONS = YES;
				CLANG_WARN_DIRECT_OBJC_ISA_USAGE = YES_ERROR;
				CLANG_WARN_DOCUMENTATION_COMMENTS = YES;
				CLANG_WARN_EMPTY_BODY = YES;
				CLANG_WARN_ENUM_CONVERSION = YES;
				CLANG_WARN_INFINITE_RECURSION = YES;
				CLANG_WARN_INT_CONVERSION = YES;
				CLANG_WARN_NON_LITERAL_NULL_CONVERSION = YES;
				CLANG_WARN_OBJC_IMPLICIT_RETAIN_SELF = YES;
				CLANG_WARN_OBJC_LITERAL_CONVERSION = YES;
				CLANG_WARN_OBJC_ROOT_CLASS = YES_ERROR;
				CLANG_WARN_RANGE_LOOP_ANALYSIS = YES;
				CLANG_WARN_STRICT_PROTOTYPES = YES;
				CLANG_WARN_SUSPICIOUS_MOVE = YES;
				CLANG_WARN_UNGUARDED_AVAILABILITY = YES_AGGRESSIVE;
				CLANG_WARN_UNREACHABLE_CODE = YES;
				CLANG_WARN__DUPLICATE_METHOD_MATCH = YES;
				CODE_SIGN_IDENTITY = "iPhone Developer";
				COPY_PHASE_STRIP = NO;
				DEBUG_INFORMATION_FORMAT = dwarf;
				ENABLE_STRICT_OBJC_MSGSEND = YES;
				ENABLE_TESTABILITY = YES;
				GCC_C_LANGUAGE_STANDARD = gnu11;
				GCC_DYNAMIC_NO_PIC = NO;
				GCC_NO_COMMON_BLOCKS = YES;
				GCC_OPTIMIZATION_LEVEL = 0;
				GCC_PREPROCESSOR_DEFINITIONS = (
					"DEBUG=1",
					"$(inherited)",
				);
				GCC_WARN_64_TO_32_BIT_CONVERSION = YES;
				GCC_WARN_ABOUT_RETURN_TYPE = YES_ERROR;
				GCC_WARN_UNDECLARED_SELECTOR = YES;
				GCC_WARN_UNINITIALIZED_AUTOS = YES_AGGRESSIVE;
				GCC_WARN_UNUSED_FUNCTION = YES;
				GCC_WARN_UNUSED_VARIABLE = YES;
				IPHONEOS_DEPLOYMENT_TARGET = 11.4;
				MTL_ENABLE_DEBUG_INFO = YES;
				ONLY_ACTIVE_ARCH = YES;
				SDKROOT = iphoneos;
				SWIFT_ACTIVE_COMPILATION_CONDITIONS = DEBUG;
				SWIFT_OPTIMIZATION_LEVEL = "-Onone";
			};
			name = Debug;
		};
		CB5B031020F5F8130035D8E3 /* Release */ = {
			isa = XCBuildConfiguration;
			buildSettings = {
				ALWAYS_SEARCH_USER_PATHS = NO;
				CLANG_ANALYZER_NONNULL = YES;
				CLANG_ANALYZER_NUMBER_OBJECT_CONVERSION = YES_AGGRESSIVE;
				CLANG_CXX_LANGUAGE_STANDARD = "gnu++14";
				CLANG_CXX_LIBRARY = "libc++";
				CLANG_ENABLE_MODULES = YES;
				CLANG_ENABLE_OBJC_ARC = YES;
				CLANG_ENABLE_OBJC_WEAK = YES;
				CLANG_WARN_BLOCK_CAPTURE_AUTORELEASING = YES;
				CLANG_WARN_BOOL_CONVERSION = YES;
				CLANG_WARN_COMMA = YES;
				CLANG_WARN_CONSTANT_CONVERSION = YES;
				CLANG_WARN_DEPRECATED_OBJC_IMPLEMENTATIONS = YES;
				CLANG_WARN_DIRECT_OBJC_ISA_USAGE = YES_ERROR;
				CLANG_WARN_DOCUMENTATION_COMMENTS = YES;
				CLANG_WARN_EMPTY_BODY = YES;
				CLANG_WARN_ENUM_CONVERSION = YES;
				CLANG_WARN_INFINITE_RECURSION = YES;
				CLANG_WARN_INT_CONVERSION = YES;
				CLANG_WARN_NON_LITERAL_NULL_CONVERSION = YES;
				CLANG_WARN_OBJC_IMPLICIT_RETAIN_SELF = YES;
				CLANG_WARN_OBJC_LITERAL_CONVERSION = YES;
				CLANG_WARN_OBJC_ROOT_CLASS = YES_ERROR;
				CLANG_WARN_RANGE_LOOP_ANALYSIS = YES;
				CLANG_WARN_STRICT_PROTOTYPES = YES;
				CLANG_WARN_SUSPICIOUS_MOVE = YES;
				CLANG_WARN_UNGUARDED_AVAILABILITY = YES_AGGRESSIVE;
				CLANG_WARN_UNREACHABLE_CODE = YES;
				CLANG_WARN__DUPLICATE_METHOD_MATCH = YES;
				CODE_SIGN_IDENTITY = "iPhone Developer";
				COPY_PHASE_STRIP = NO;
				DEBUG_INFORMATION_FORMAT = "dwarf-with-dsym";
				ENABLE_NS_ASSERTIONS = NO;
				ENABLE_STRICT_OBJC_MSGSEND = YES;
				GCC_C_LANGUAGE_STANDARD = gnu11;
				GCC_NO_COMMON_BLOCKS = YES;
				GCC_WARN_64_TO_32_BIT_CONVERSION = YES;
				GCC_WARN_ABOUT_RETURN_TYPE = YES_ERROR;
				GCC_WARN_UNDECLARED_SELECTOR = YES;
				GCC_WARN_UNINITIALIZED_AUTOS = YES_AGGRESSIVE;
				GCC_WARN_UNUSED_FUNCTION = YES;
				GCC_WARN_UNUSED_VARIABLE = YES;
				IPHONEOS_DEPLOYMENT_TARGET = 11.4;
				MTL_ENABLE_DEBUG_INFO = NO;
				SDKROOT = iphoneos;
				SWIFT_COMPILATION_MODE = wholemodule;
				SWIFT_OPTIMIZATION_LEVEL = "-O";
				VALIDATE_PRODUCT = YES;
			};
			name = Release;
		};
		CB5B031220F5F8130035D8E3 /* Debug */ = {
			isa = XCBuildConfiguration;
			buildSettings = {
				ASSETCATALOG_COMPILER_APPICON_NAME = AppIcon;
				CODE_SIGN_STYLE = Automatic;
				DEVELOPMENT_TEAM = SX7KRP35G2;
				INFOPLIST_FILE = imageViewer/Info.plist;
				LD_RUNPATH_SEARCH_PATHS = (
					"$(inherited)",
					"@executable_path/Frameworks",
				);
				PRODUCT_BUNDLE_IDENTIFIER = net.macnpc.imageViewer;
				PRODUCT_NAME = "$(TARGET_NAME)";
				SWIFT_VERSION = 4.0;
				TARGETED_DEVICE_FAMILY = "1,2";
			};
			name = Debug;
		};
		CB5B031320F5F8130035D8E3 /* Release */ = {
			isa = XCBuildConfiguration;
			buildSettings = {
				ASSETCATALOG_COMPILER_APPICON_NAME = AppIcon;
				CODE_SIGN_STYLE = Automatic;
				DEVELOPMENT_TEAM = SX7KRP35G2;
				INFOPLIST_FILE = imageViewer/Info.plist;
				LD_RUNPATH_SEARCH_PATHS = (
					"$(inherited)",
					"@executable_path/Frameworks",
				);
				PRODUCT_BUNDLE_IDENTIFIER = net.macnpc.imageViewer;
				PRODUCT_NAME = "$(TARGET_NAME)";
				SWIFT_VERSION = 4.0;
				TARGETED_DEVICE_FAMILY = "1,2";
			};
			name = Release;
		};
/* End XCBuildConfiguration section */

/* Begin XCConfigurationList section */
		CB5B02FA20F5F8120035D8E3 /* Build configuration list for PBXProject "imageViewer" */ = {
			isa = XCConfigurationList;
			buildConfigurations = (
				CB5B030F20F5F8130035D8E3 /* Debug */,
				CB5B031020F5F8130035D8E3 /* Release */,
			);
			defaultConfigurationIsVisible = 0;
			defaultConfigurationName = Release;
		};
		CB5B031120F5F8130035D8E3 /* Build configuration list for PBXNativeTarget "imageViewer" */ = {
			isa = XCConfigurationList;
			buildConfigurations = (
				CB5B031220F5F8130035D8E3 /* Debug */,
				CB5B031320F5F8130035D8E3 /* Release */,
			);
			defaultConfigurationIsVisible = 0;
			defaultConfigurationName = Release;
		};
/* End XCConfigurationList section */
	};
	rootObject = CB5B02F720F5F8120035D8E3 /* Project object */;
}
